
Microsoft Visual Studio Solution File, Format Version 12.00
Project("{FAE04EC0-301F-11D3-BF4B-00C04F79EFBC}") = "ProServise", "ProServise\ProServise.csproj", "{CCE1398D-8818-4474-9CE1-0C92CC70A74F}"
EndProject
Global
	GlobalSection(SolutionConfigurationPlatforms) = preSolution
		Debug|Any CPU = Debug|Any CPU
		Release|Any CPU = Release|Any CPU
	EndGlobalSection
	GlobalSection(ProjectConfigurationPlatforms) = postSolution
		{CCE1398D-8818-4474-9CE1-0C92CC70A74F}.Debug|Any CPU.ActiveCfg = Debug|Any CPU
		{CCE1398D-8818-4474-9CE1-0C92CC70A74F}.Debug|Any CPU.Build.0 = Debug|Any CPU
		{CCE1398D-8818-4474-9CE1-0C92CC70A74F}.Release|Any CPU.ActiveCfg = Release|Any CPU
		{CCE1398D-8818-4474-9CE1-0C92CC70A74F}.Release|Any CPU.Build.0 = Release|Any CPU
	EndGlobalSection
EndGlobal
